Microsoft Visual Studio Solution File, Format Version 12.00
# Visual Studio Version 17
VisualStudioVersion = 17.5.2.0
MinimumVisualStudioVersion = 10.0.40219.1
Project("{FAE04EC0-301F-11D3-BF4B-00C04F79EFBC}") = "race-lang-compiler", "race-lang-compiler.csproj", "{F8732792-09EA-7644-153E-61CA75DDBC5E}"
EndProject
Global
	GlobalSection(SolutionConfigurationPlatforms) = preSolution
		Debug|Any CPU = Debug|Any CPU
		Release|Any CPU = Release|Any CPU
	EndGlobalSection
	GlobalSection(ProjectConfigurationPlatforms) = postSolution
		{F8732792-09EA-7644-153E-61CA75DDBC5E}.Debug|Any CPU.ActiveCfg = Debug|Any CPU
		{F8732792-09EA-7644-153E-61CA75DDBC5E}.Debug|Any CPU.Build.0 = Debug|Any CPU
		{F8732792-09EA-7644-153E-61CA75DDBC5E}.Release|Any CPU.ActiveCfg = Release|Any CPU
		{F8732792-09EA-7644-153E-61CA75DDBC5E}.Release|Any CPU.Build.0 = Release|Any CPU
	EndGlobalSection
	GlobalSection(SolutionProperties) = preSolution
		HideSolutionNode = FALSE
	EndGlobalSection
	GlobalSection(ExtensibilityGlobals) = postSolution
		SolutionGuid = {BA82E2C6-8143-4209-9AC2-8AA168778EB4}
	EndGlobalSection
EndGlobal
